
Microsoft Visual Studio Solution File, Format Version 12.00
# Visual Studio 14
VisualStudioVersion = 14.0.25420.1
MinimumVisualStudioVersion = 10.0.40219.1
Project("{FAE04EC0-301F-11D3-BF4B-00C04F79EFBC}") = "MPS Test Helper", "MP6422 Test Controller\MPS Test Helper.csproj", "{501161A1-E3BF-4FF3-8092-CCC2BB6B649E}"
EndProject
Project("{FAE04EC0-301F-11D3-BF4B-00C04F79EFBC}") = "Logic", "Logic\Logic.csproj", "{8E3EBE51-6727-4376-8C9D-D72F7F9CC66B}"
EndProject
Global
	GlobalSection(SolutionConfigurationPlatforms) = preSolution
		Debug|Any CPU = Debug|Any CPU
		Release|Any CPU = Release|Any CPU
	EndGlobalSection
	GlobalSection(ProjectConfigurationPlatforms) = postSolution
		{501161A1-E3BF-4FF3-8092-CCC2BB6B649E}.Debug|Any CPU.ActiveCfg = Debug|Any CPU
		{501161A1-E3BF-4FF3-8092-CCC2BB6B649E}.Debug|Any CPU.Build.0 = Debug|Any CPU
		{501161A1-E3BF-4FF3-8092-CCC2BB6B649E}.Release|Any CPU.ActiveCfg = Release|Any CPU
		{501161A1-E3BF-4FF3-8092-CCC2BB6B649E}.Release|Any CPU.Build.0 = Release|Any CPU
		{8E3EBE51-6727-4376-8C9D-D72F7F9CC66B}.Debug|Any CPU.ActiveCfg = Debug|Any CPU
		{8E3EBE51-6727-4376-8C9D-D72F7F9CC66B}.Debug|Any CPU.Build.0 = Debug|Any CPU
		{8E3EBE51-6727-4376-8C9D-D72F7F9CC66B}.Release|Any CPU.ActiveCfg = Release|Any CPU
		{8E3EBE51-6727-4376-8C9D-D72F7F9CC66B}.Release|Any CPU.Build.0 = Release|Any CPU
	EndGlobalSection
	GlobalSection(SolutionProperties) = preSolution
		HideSolutionNode = FALSE
	EndGlobalSection
EndGlobal
